
Microsoft Visual Studio Solution File, Format Version 12.00
# Visual Studio Version 16
VisualStudioVersion = 16.0.31321.278
MinimumVisualStudioVersion = 10.0.40219.1
Project("{8BC9CEB8-8B4A-11D0-8D11-00A0C91BC942}") = "14_02_05", "14_02_05.vcxproj", "{81824D11-0E37-4D4B-ACDB-D59D2FC4E045}"
EndProject
Global
	GlobalSection(SolutionConfigurationPlatforms) = preSolution
		Debug|x64 = Debug|x64
		Debug|x86 = Debug|x86
		Release|x64 = Release|x64
		Release|x86 = Release|x86
	EndGlobalSection
	GlobalSection(ProjectConfigurationPlatforms) = postSolution
		{81824D11-0E37-4D4B-ACDB-D59D2FC4E045}.Debug|x64.ActiveCfg = Debug|x64
		{81824D11-0E37-4D4B-ACDB-D59D2FC4E045}.Debug|x64.Build.0 = Debug|x64
		{81824D11-0E37-4D4B-ACDB-D59D2FC4E045}.Debug|x86.ActiveCfg = Debug|Win32
		{81824D11-0E37-4D4B-ACDB-D59D2FC4E045}.Debug|x86.Build.0 = Debug|Win32
		{81824D11-0E37-4D4B-ACDB-D59D2FC4E045}.Release|x64.ActiveCfg = Release|x64
		{81824D11-0E37-4D4B-ACDB-D59D2FC4E045}.Release|x64.Build.0 = Release|x64
		{81824D11-0E37-4D4B-ACDB-D59D2FC4E045}.Release|x86.ActiveCfg = Release|Win32
		{81824D11-0E37-4D4B-ACDB-D59D2FC4E045}.Release|x86.Build.0 = Release|Win32
	EndGlobalSection
	GlobalSection(SolutionProperties) = preSolution
		HideSolutionNode = FALSE
	EndGlobalSection
	GlobalSection(ExtensibilityGlobals) = postSolution
		SolutionGuid = {09A97706-C93A-4EA4-B4C9-6DE8BB94CF79}
	EndGlobalSection
EndGlobal
