
Microsoft Visual Studio Solution File, Format Version 12.00
# Visual Studio Version 16
VisualStudioVersion = 16.0.31424.327
MinimumVisualStudioVersion = 10.0.40219.1
Project("{8BC9CEB8-8B4A-11D0-8D11-00A0C91BC942}") = "18_04_01", "18_04_01.vcxproj", "{A4704220-8A7B-40DF-A1A8-F06FE6C92089}"
EndProject
Global
	GlobalSection(SolutionConfigurationPlatforms) = preSolution
		Debug|x64 = Debug|x64
		Debug|x86 = Debug|x86
		Release|x64 = Release|x64
		Release|x86 = Release|x86
	EndGlobalSection
	GlobalSection(ProjectConfigurationPlatforms) = postSolution
		{A4704220-8A7B-40DF-A1A8-F06FE6C92089}.Debug|x64.ActiveCfg = Debug|x64
		{A4704220-8A7B-40DF-A1A8-F06FE6C92089}.Debug|x64.Build.0 = Debug|x64
		{A4704220-8A7B-40DF-A1A8-F06FE6C92089}.Debug|x86.ActiveCfg = Debug|Win32
		{A4704220-8A7B-40DF-A1A8-F06FE6C92089}.Debug|x86.Build.0 = Debug|Win32
		{A4704220-8A7B-40DF-A1A8-F06FE6C92089}.Release|x64.ActiveCfg = Release|x64
		{A4704220-8A7B-40DF-A1A8-F06FE6C92089}.Release|x64.Build.0 = Release|x64
		{A4704220-8A7B-40DF-A1A8-F06FE6C92089}.Release|x86.ActiveCfg = Release|Win32
		{A4704220-8A7B-40DF-A1A8-F06FE6C92089}.Release|x86.Build.0 = Release|Win32
	EndGlobalSection
	GlobalSection(SolutionProperties) = preSolution
		HideSolutionNode = FALSE
	EndGlobalSection
	GlobalSection(ExtensibilityGlobals) = postSolution
		SolutionGuid = {EC7237AE-91BB-49B2-8C7C-F85CE31D45CE}
	EndGlobalSection
EndGlobal
