
Microsoft Visual Studio Solution File, Format Version 12.00
# Visual Studio Version 16
VisualStudioVersion = 16.0.31424.327
MinimumVisualStudioVersion = 10.0.40219.1
Project("{8BC9CEB8-8B4A-11D0-8D11-00A0C91BC942}") = "18_01_01", "18_01_01.vcxproj", "{7A9F7BE2-2B5F-490A-852E-C700ADB87086}"
EndProject
Global
	GlobalSection(SolutionConfigurationPlatforms) = preSolution
		Debug|x64 = Debug|x64
		Debug|x86 = Debug|x86
		Release|x64 = Release|x64
		Release|x86 = Release|x86
	EndGlobalSection
	GlobalSection(ProjectConfigurationPlatforms) = postSolution
		{7A9F7BE2-2B5F-490A-852E-C700ADB87086}.Debug|x64.ActiveCfg = Debug|x64
		{7A9F7BE2-2B5F-490A-852E-C700ADB87086}.Debug|x64.Build.0 = Debug|x64
		{7A9F7BE2-2B5F-490A-852E-C700ADB87086}.Debug|x86.ActiveCfg = Debug|Win32
		{7A9F7BE2-2B5F-490A-852E-C700ADB87086}.Debug|x86.Build.0 = Debug|Win32
		{7A9F7BE2-2B5F-490A-852E-C700ADB87086}.Release|x64.ActiveCfg = Release|x64
		{7A9F7BE2-2B5F-490A-852E-C700ADB87086}.Release|x64.Build.0 = Release|x64
		{7A9F7BE2-2B5F-490A-852E-C700ADB87086}.Release|x86.ActiveCfg = Release|Win32
		{7A9F7BE2-2B5F-490A-852E-C700ADB87086}.Release|x86.Build.0 = Release|Win32
	EndGlobalSection
	GlobalSection(SolutionProperties) = preSolution
		HideSolutionNode = FALSE
	EndGlobalSection
	GlobalSection(ExtensibilityGlobals) = postSolution
		SolutionGuid = {70A264D8-0010-428A-8678-499A814558FB}
	EndGlobalSection
EndGlobal
