
Microsoft Visual Studio Solution File, Format Version 12.00
# Visual Studio Version 16
VisualStudioVersion = 16.0.31321.278
MinimumVisualStudioVersion = 10.0.40219.1
Project("{8BC9CEB8-8B4A-11D0-8D11-00A0C91BC942}") = "16_03_01", "16_03_01.vcxproj", "{7E483C19-FC85-4663-AC03-59F8A4A1DA93}"
EndProject
Global
	GlobalSection(SolutionConfigurationPlatforms) = preSolution
		Debug|x64 = Debug|x64
		Debug|x86 = Debug|x86
		Release|x64 = Release|x64
		Release|x86 = Release|x86
	EndGlobalSection
	GlobalSection(ProjectConfigurationPlatforms) = postSolution
		{7E483C19-FC85-4663-AC03-59F8A4A1DA93}.Debug|x64.ActiveCfg = Debug|x64
		{7E483C19-FC85-4663-AC03-59F8A4A1DA93}.Debug|x64.Build.0 = Debug|x64
		{7E483C19-FC85-4663-AC03-59F8A4A1DA93}.Debug|x86.ActiveCfg = Debug|Win32
		{7E483C19-FC85-4663-AC03-59F8A4A1DA93}.Debug|x86.Build.0 = Debug|Win32
		{7E483C19-FC85-4663-AC03-59F8A4A1DA93}.Release|x64.ActiveCfg = Release|x64
		{7E483C19-FC85-4663-AC03-59F8A4A1DA93}.Release|x64.Build.0 = Release|x64
		{7E483C19-FC85-4663-AC03-59F8A4A1DA93}.Release|x86.ActiveCfg = Release|Win32
		{7E483C19-FC85-4663-AC03-59F8A4A1DA93}.Release|x86.Build.0 = Release|Win32
	EndGlobalSection
	GlobalSection(SolutionProperties) = preSolution
		HideSolutionNode = FALSE
	EndGlobalSection
	GlobalSection(ExtensibilityGlobals) = postSolution
		SolutionGuid = {71C9200E-A233-4295-B1F2-4F067D0292E9}
	EndGlobalSection
EndGlobal
