
Microsoft Visual Studio Solution File, Format Version 12.00
# Visual Studio Version 16
VisualStudioVersion = 16.0.31321.278
MinimumVisualStudioVersion = 10.0.40219.1
Project("{8BC9CEB8-8B4A-11D0-8D11-00A0C91BC942}") = "Do it 09_05_01", "Do it 09_05_01.vcxproj", "{86D03942-0DCD-4DA8-B6FC-7812A6635F33}"
EndProject
Global
	GlobalSection(SolutionConfigurationPlatforms) = preSolution
		Debug|x64 = Debug|x64
		Debug|x86 = Debug|x86
		Release|x64 = Release|x64
		Release|x86 = Release|x86
	EndGlobalSection
	GlobalSection(ProjectConfigurationPlatforms) = postSolution
		{86D03942-0DCD-4DA8-B6FC-7812A6635F33}.Debug|x64.ActiveCfg = Debug|x64
		{86D03942-0DCD-4DA8-B6FC-7812A6635F33}.Debug|x64.Build.0 = Debug|x64
		{86D03942-0DCD-4DA8-B6FC-7812A6635F33}.Debug|x86.ActiveCfg = Debug|Win32
		{86D03942-0DCD-4DA8-B6FC-7812A6635F33}.Debug|x86.Build.0 = Debug|Win32
		{86D03942-0DCD-4DA8-B6FC-7812A6635F33}.Release|x64.ActiveCfg = Release|x64
		{86D03942-0DCD-4DA8-B6FC-7812A6635F33}.Release|x64.Build.0 = Release|x64
		{86D03942-0DCD-4DA8-B6FC-7812A6635F33}.Release|x86.ActiveCfg = Release|Win32
		{86D03942-0DCD-4DA8-B6FC-7812A6635F33}.Release|x86.Build.0 = Release|Win32
	EndGlobalSection
	GlobalSection(SolutionProperties) = preSolution
		HideSolutionNode = FALSE
	EndGlobalSection
	GlobalSection(ExtensibilityGlobals) = postSolution
		SolutionGuid = {F88D3DC1-E2EE-403D-8DA8-5B4A017E5FDF}
	EndGlobalSection
EndGlobal
