
Microsoft Visual Studio Solution File, Format Version 12.00
# Visual Studio Version 16
VisualStudioVersion = 16.0.31321.278
MinimumVisualStudioVersion = 10.0.40219.1
Project("{8BC9CEB8-8B4A-11D0-8D11-00A0C91BC942}") = "12_03_01", "12_03_01.vcxproj", "{A3DEC1FE-B841-4C46-B99B-2E631B1C5052}"
EndProject
Global
	GlobalSection(SolutionConfigurationPlatforms) = preSolution
		Debug|x64 = Debug|x64
		Debug|x86 = Debug|x86
		Release|x64 = Release|x64
		Release|x86 = Release|x86
	EndGlobalSection
	GlobalSection(ProjectConfigurationPlatforms) = postSolution
		{A3DEC1FE-B841-4C46-B99B-2E631B1C5052}.Debug|x64.ActiveCfg = Debug|x64
		{A3DEC1FE-B841-4C46-B99B-2E631B1C5052}.Debug|x64.Build.0 = Debug|x64
		{A3DEC1FE-B841-4C46-B99B-2E631B1C5052}.Debug|x86.ActiveCfg = Debug|Win32
		{A3DEC1FE-B841-4C46-B99B-2E631B1C5052}.Debug|x86.Build.0 = Debug|Win32
		{A3DEC1FE-B841-4C46-B99B-2E631B1C5052}.Release|x64.ActiveCfg = Release|x64
		{A3DEC1FE-B841-4C46-B99B-2E631B1C5052}.Release|x64.Build.0 = Release|x64
		{A3DEC1FE-B841-4C46-B99B-2E631B1C5052}.Release|x86.ActiveCfg = Release|Win32
		{A3DEC1FE-B841-4C46-B99B-2E631B1C5052}.Release|x86.Build.0 = Release|Win32
	EndGlobalSection
	GlobalSection(SolutionProperties) = preSolution
		HideSolutionNode = FALSE
	EndGlobalSection
	GlobalSection(ExtensibilityGlobals) = postSolution
		SolutionGuid = {14A3E721-794A-47A2-B311-13085471DB9E}
	EndGlobalSection
EndGlobal
