
Microsoft Visual Studio Solution File, Format Version 12.00
# Visual Studio Version 16
VisualStudioVersion = 16.0.31321.278
MinimumVisualStudioVersion = 10.0.40219.1
Project("{8BC9CEB8-8B4A-11D0-8D11-00A0C91BC942}") = "14_02_02", "14_02_02.vcxproj", "{4B55C26B-296E-472B-AD1A-EA990D8F5189}"
EndProject
Global
	GlobalSection(SolutionConfigurationPlatforms) = preSolution
		Debug|x64 = Debug|x64
		Debug|x86 = Debug|x86
		Release|x64 = Release|x64
		Release|x86 = Release|x86
	EndGlobalSection
	GlobalSection(ProjectConfigurationPlatforms) = postSolution
		{4B55C26B-296E-472B-AD1A-EA990D8F5189}.Debug|x64.ActiveCfg = Debug|x64
		{4B55C26B-296E-472B-AD1A-EA990D8F5189}.Debug|x64.Build.0 = Debug|x64
		{4B55C26B-296E-472B-AD1A-EA990D8F5189}.Debug|x86.ActiveCfg = Debug|Win32
		{4B55C26B-296E-472B-AD1A-EA990D8F5189}.Debug|x86.Build.0 = Debug|Win32
		{4B55C26B-296E-472B-AD1A-EA990D8F5189}.Release|x64.ActiveCfg = Release|x64
		{4B55C26B-296E-472B-AD1A-EA990D8F5189}.Release|x64.Build.0 = Release|x64
		{4B55C26B-296E-472B-AD1A-EA990D8F5189}.Release|x86.ActiveCfg = Release|Win32
		{4B55C26B-296E-472B-AD1A-EA990D8F5189}.Release|x86.Build.0 = Release|Win32
	EndGlobalSection
	GlobalSection(SolutionProperties) = preSolution
		HideSolutionNode = FALSE
	EndGlobalSection
	GlobalSection(ExtensibilityGlobals) = postSolution
		SolutionGuid = {9C6EAB5F-3F2F-43B1-B2E6-D50C628C5DEF}
	EndGlobalSection
EndGlobal
