
Microsoft Visual Studio Solution File, Format Version 12.00
# Visual Studio Version 16
VisualStudioVersion = 16.0.31424.327
MinimumVisualStudioVersion = 10.0.40219.1
Project("{8BC9CEB8-8B4A-11D0-8D11-00A0C91BC942}") = "17_02_01", "17_02_01.vcxproj", "{8F069A3B-44FD-4ADC-90C2-41623524DD03}"
EndProject
Global
	GlobalSection(SolutionConfigurationPlatforms) = preSolution
		Debug|x64 = Debug|x64
		Debug|x86 = Debug|x86
		Release|x64 = Release|x64
		Release|x86 = Release|x86
	EndGlobalSection
	GlobalSection(ProjectConfigurationPlatforms) = postSolution
		{8F069A3B-44FD-4ADC-90C2-41623524DD03}.Debug|x64.ActiveCfg = Debug|x64
		{8F069A3B-44FD-4ADC-90C2-41623524DD03}.Debug|x64.Build.0 = Debug|x64
		{8F069A3B-44FD-4ADC-90C2-41623524DD03}.Debug|x86.ActiveCfg = Debug|Win32
		{8F069A3B-44FD-4ADC-90C2-41623524DD03}.Debug|x86.Build.0 = Debug|Win32
		{8F069A3B-44FD-4ADC-90C2-41623524DD03}.Release|x64.ActiveCfg = Release|x64
		{8F069A3B-44FD-4ADC-90C2-41623524DD03}.Release|x64.Build.0 = Release|x64
		{8F069A3B-44FD-4ADC-90C2-41623524DD03}.Release|x86.ActiveCfg = Release|Win32
		{8F069A3B-44FD-4ADC-90C2-41623524DD03}.Release|x86.Build.0 = Release|Win32
	EndGlobalSection
	GlobalSection(SolutionProperties) = preSolution
		HideSolutionNode = FALSE
	EndGlobalSection
	GlobalSection(ExtensibilityGlobals) = postSolution
		SolutionGuid = {9C19F1C0-9FA3-4CF5-A478-A20F80C59354}
	EndGlobalSection
EndGlobal
